
Microsoft Visual Studio Solution File, Format Version 12.00
# Visual Studio Version 17
VisualStudioVersion = 17.8.34330.188
MinimumVisualStudioVersion = 10.0.40219.1
Project("{FAE04EC0-301F-11D3-BF4B-00C04F79EFBC}") = "BaxtureAssignAuthAPI", "BaxtureAssignAuthAPI.csproj", "{0C7AAEFE-CD31-4161-8E0E-DFAF693A1A68}"
EndProject
Global
	GlobalSection(SolutionConfigurationPlatforms) = preSolution
		Debug|Any CPU = Debug|Any CPU
		Release|Any CPU = Release|Any CPU
	EndGlobalSection
	GlobalSection(ProjectConfigurationPlatforms) = postSolution
		{0C7AAEFE-CD31-4161-8E0E-DFAF693A1A68}.Debug|Any CPU.ActiveCfg = Debug|Any CPU
		{0C7AAEFE-CD31-4161-8E0E-DFAF693A1A68}.Debug|Any CPU.Build.0 = Debug|Any CPU
		{0C7AAEFE-CD31-4161-8E0E-DFAF693A1A68}.Release|Any CPU.ActiveCfg = Release|Any CPU
		{0C7AAEFE-CD31-4161-8E0E-DFAF693A1A68}.Release|Any CPU.Build.0 = Release|Any CPU
	EndGlobalSection
	GlobalSection(SolutionProperties) = preSolution
		HideSolutionNode = FALSE
	EndGlobalSection
	GlobalSection(ExtensibilityGlobals) = postSolution
		SolutionGuid = {7CD79B51-7890-4CB1-93E0-775418583A92}
	EndGlobalSection
EndGlobal
